
Microsoft Visual Studio Solution File, Format Version 12.00
# Visual Studio 2013
VisualStudioVersion = 12.0.40629.0
MinimumVisualStudioVersion = 10.0.40219.1
Project("{8BC9CEB8-8B4A-11D0-8D11-00A0C91BC942}") = "OverlappedNamedPipeDuplex", "OverlappedNamedPipeDuplex\OverlappedNamedPipeDuplex.vcxproj", "{E94E831A-DF85-4F88-A7A4-71C6AE6E2EB7}"
EndProject
Project("{8BC9CEB8-8B4A-11D0-8D11-00A0C91BC942}") = "test", "test\test.vcxproj", "{F5DB4BFB-B998-4750-BEE5-EFDD396ED34B}"
	ProjectSection(ProjectDependencies) = postProject
		{E94E831A-DF85-4F88-A7A4-71C6AE6E2EB7} = {E94E831A-DF85-4F88-A7A4-71C6AE6E2EB7}
	EndProjectSection
EndProject
Project("{FAE04EC0-301F-11D3-BF4B-00C04F79EFBC}") = "WindowsFormsApplication1", "WindowsFormsApplication1\WindowsFormsApplication1.csproj", "{F4963B0D-E267-4BA9-A184-B64958B7A7C0}"
	ProjectSection(ProjectDependencies) = postProject
		{E94E831A-DF85-4F88-A7A4-71C6AE6E2EB7} = {E94E831A-DF85-4F88-A7A4-71C6AE6E2EB7}
		{3C4EB5DC-2ED6-42CA-B3CF-6F7A137AA737} = {3C4EB5DC-2ED6-42CA-B3CF-6F7A137AA737}
	EndProjectSection
EndProject
Project("{FAE04EC0-301F-11D3-BF4B-00C04F79EFBC}") = "OverlappedNamedPipeDuplexNet", "OverlappedNamedPipeDuplexNet\OverlappedNamedPipeDuplexNet.csproj", "{3C4EB5DC-2ED6-42CA-B3CF-6F7A137AA737}"
	ProjectSection(ProjectDependencies) = postProject
		{E94E831A-DF85-4F88-A7A4-71C6AE6E2EB7} = {E94E831A-DF85-4F88-A7A4-71C6AE6E2EB7}
	EndProjectSection
EndProject
Global
	GlobalSection(SolutionConfigurationPlatforms) = preSolution
		Debug|Mixed Platforms = Debug|Mixed Platforms
		Debug|Win32 = Debug|Win32
		Release|Mixed Platforms = Release|Mixed Platforms
		Release|Win32 = Release|Win32
	EndGlobalSection
	GlobalSection(ProjectConfigurationPlatforms) = postSolution
		{E94E831A-DF85-4F88-A7A4-71C6AE6E2EB7}.Debug|Mixed Platforms.ActiveCfg = Debug|Win32
		{E94E831A-DF85-4F88-A7A4-71C6AE6E2EB7}.Debug|Mixed Platforms.Build.0 = Debug|Win32
		{E94E831A-DF85-4F88-A7A4-71C6AE6E2EB7}.Debug|Win32.ActiveCfg = Debug|Win32
		{E94E831A-DF85-4F88-A7A4-71C6AE6E2EB7}.Debug|Win32.Build.0 = Debug|Win32
		{E94E831A-DF85-4F88-A7A4-71C6AE6E2EB7}.Release|Mixed Platforms.ActiveCfg = Release|Win32
		{E94E831A-DF85-4F88-A7A4-71C6AE6E2EB7}.Release|Mixed Platforms.Build.0 = Release|Win32
		{E94E831A-DF85-4F88-A7A4-71C6AE6E2EB7}.Release|Win32.ActiveCfg = Release|Win32
		{E94E831A-DF85-4F88-A7A4-71C6AE6E2EB7}.Release|Win32.Build.0 = Release|Win32
		{F5DB4BFB-B998-4750-BEE5-EFDD396ED34B}.Debug|Mixed Platforms.ActiveCfg = Debug|Win32
		{F5DB4BFB-B998-4750-BEE5-EFDD396ED34B}.Debug|Mixed Platforms.Build.0 = Debug|Win32
		{F5DB4BFB-B998-4750-BEE5-EFDD396ED34B}.Debug|Win32.ActiveCfg = Debug|Win32
		{F5DB4BFB-B998-4750-BEE5-EFDD396ED34B}.Debug|Win32.Build.0 = Debug|Win32
		{F5DB4BFB-B998-4750-BEE5-EFDD396ED34B}.Release|Mixed Platforms.ActiveCfg = Release|Win32
		{F5DB4BFB-B998-4750-BEE5-EFDD396ED34B}.Release|Mixed Platforms.Build.0 = Release|Win32
		{F5DB4BFB-B998-4750-BEE5-EFDD396ED34B}.Release|Win32.ActiveCfg = Release|Win32
		{F5DB4BFB-B998-4750-BEE5-EFDD396ED34B}.Release|Win32.Build.0 = Release|Win32
		{F4963B0D-E267-4BA9-A184-B64958B7A7C0}.Debug|Mixed Platforms.ActiveCfg = Debug|x86
		{F4963B0D-E267-4BA9-A184-B64958B7A7C0}.Debug|Mixed Platforms.Build.0 = Debug|x86
		{F4963B0D-E267-4BA9-A184-B64958B7A7C0}.Debug|Win32.ActiveCfg = Debug|x86
		{F4963B0D-E267-4BA9-A184-B64958B7A7C0}.Debug|Win32.Build.0 = Debug|x86
		{F4963B0D-E267-4BA9-A184-B64958B7A7C0}.Release|Mixed Platforms.ActiveCfg = Release|x86
		{F4963B0D-E267-4BA9-A184-B64958B7A7C0}.Release|Mixed Platforms.Build.0 = Release|x86
		{F4963B0D-E267-4BA9-A184-B64958B7A7C0}.Release|Win32.ActiveCfg = Release|x86
		{F4963B0D-E267-4BA9-A184-B64958B7A7C0}.Release|Win32.Build.0 = Release|x86
		{3C4EB5DC-2ED6-42CA-B3CF-6F7A137AA737}.Debug|Mixed Platforms.ActiveCfg = Debug|x86
		{3C4EB5DC-2ED6-42CA-B3CF-6F7A137AA737}.Debug|Mixed Platforms.Build.0 = Debug|x86
		{3C4EB5DC-2ED6-42CA-B3CF-6F7A137AA737}.Debug|Win32.ActiveCfg = Debug|x86
		{3C4EB5DC-2ED6-42CA-B3CF-6F7A137AA737}.Debug|Win32.Build.0 = Debug|x86
		{3C4EB5DC-2ED6-42CA-B3CF-6F7A137AA737}.Release|Mixed Platforms.ActiveCfg = Release|x86
		{3C4EB5DC-2ED6-42CA-B3CF-6F7A137AA737}.Release|Mixed Platforms.Build.0 = Release|x86
		{3C4EB5DC-2ED6-42CA-B3CF-6F7A137AA737}.Release|Win32.ActiveCfg = Release|x86
		{3C4EB5DC-2ED6-42CA-B3CF-6F7A137AA737}.Release|Win32.Build.0 = Release|x86
	EndGlobalSection
	GlobalSection(SolutionProperties) = preSolution
		HideSolutionNode = FALSE
	EndGlobalSection
EndGlobal
